
Microsoft Visual Studio Solution File, Format Version 12.00
Project("{FAE04EC0-301F-11D3-BF4B-00C04F79EFBC}") = "LedgerGateway", "LedgerGateway\LedgerGateway.csproj", "{388EEABE-3AAD-4C0D-9B01-2019A93C2865}"
EndProject
Project("{2150E333-8FDC-42A3-9474-1A3956D46DE8}") = "Solution Items", "Solution Items", "{37621E65-D980-423F-9A14-4B31AE8EBD77}"
	ProjectSection(SolutionItems) = preProject
		compose.yaml = compose.yaml
	EndProjectSection
EndProject
Project("{FAE04EC0-301F-11D3-BF4B-00C04F79EFBC}") = "ServiceCommons", "..\ServiceCommons\ServiceCommons\ServiceCommons.csproj", "{92D37077-D3EF-47C1-8156-9F50D9245998}"
EndProject
Project("{FAE04EC0-301F-11D3-BF4B-00C04F79EFBC}") = "ServiceCommons.ApiKey", "..\ServiceCommons\ServiceCommons.ApiKey\ServiceCommons.ApiKey.csproj", "{1A4C4124-88F0-4EE2-98B4-A8CBB4EA2A50}"
EndProject
Project("{FAE04EC0-301F-11D3-BF4B-00C04F79EFBC}") = "ServiceCommons.OpenTelemetry", "..\ServiceCommons\ServiceCommons.OpenTelemetry\ServiceCommons.OpenTelemetry.csproj", "{D7F565A1-441A-4FF6-BAFF-E9BC6160D2B4}"
EndProject
Global
	GlobalSection(SolutionConfigurationPlatforms) = preSolution
		Debug|Any CPU = Debug|Any CPU
		Release|Any CPU = Release|Any CPU
	EndGlobalSection
	GlobalSection(ProjectConfigurationPlatforms) = postSolution
		{388EEABE-3AAD-4C0D-9B01-2019A93C2865}.Debug|Any CPU.ActiveCfg = Debug|Any CPU
		{388EEABE-3AAD-4C0D-9B01-2019A93C2865}.Debug|Any CPU.Build.0 = Debug|Any CPU
		{388EEABE-3AAD-4C0D-9B01-2019A93C2865}.Release|Any CPU.ActiveCfg = Release|Any CPU
		{388EEABE-3AAD-4C0D-9B01-2019A93C2865}.Release|Any CPU.Build.0 = Release|Any CPU
		{88D9D63E-74D0-4CFD-883E-8876471EC10A}.Debug|Any CPU.ActiveCfg = Debug|Any CPU
		{88D9D63E-74D0-4CFD-883E-8876471EC10A}.Debug|Any CPU.Build.0 = Debug|Any CPU
		{88D9D63E-74D0-4CFD-883E-8876471EC10A}.Release|Any CPU.ActiveCfg = Release|Any CPU
		{88D9D63E-74D0-4CFD-883E-8876471EC10A}.Release|Any CPU.Build.0 = Release|Any CPU
		{CE898EF8-2916-4049-9BEB-792201B3E842}.Debug|Any CPU.ActiveCfg = Debug|Any CPU
		{CE898EF8-2916-4049-9BEB-792201B3E842}.Debug|Any CPU.Build.0 = Debug|Any CPU
		{CE898EF8-2916-4049-9BEB-792201B3E842}.Release|Any CPU.ActiveCfg = Release|Any CPU
		{CE898EF8-2916-4049-9BEB-792201B3E842}.Release|Any CPU.Build.0 = Release|Any CPU
		{92D37077-D3EF-47C1-8156-9F50D9245998}.Debug|Any CPU.ActiveCfg = Debug|Any CPU
		{92D37077-D3EF-47C1-8156-9F50D9245998}.Debug|Any CPU.Build.0 = Debug|Any CPU
		{92D37077-D3EF-47C1-8156-9F50D9245998}.Release|Any CPU.ActiveCfg = Release|Any CPU
		{92D37077-D3EF-47C1-8156-9F50D9245998}.Release|Any CPU.Build.0 = Release|Any CPU
		{1A4C4124-88F0-4EE2-98B4-A8CBB4EA2A50}.Debug|Any CPU.ActiveCfg = Debug|Any CPU
		{1A4C4124-88F0-4EE2-98B4-A8CBB4EA2A50}.Debug|Any CPU.Build.0 = Debug|Any CPU
		{1A4C4124-88F0-4EE2-98B4-A8CBB4EA2A50}.Release|Any CPU.ActiveCfg = Release|Any CPU
		{1A4C4124-88F0-4EE2-98B4-A8CBB4EA2A50}.Release|Any CPU.Build.0 = Release|Any CPU
		{D7F565A1-441A-4FF6-BAFF-E9BC6160D2B4}.Debug|Any CPU.ActiveCfg = Debug|Any CPU
		{D7F565A1-441A-4FF6-BAFF-E9BC6160D2B4}.Debug|Any CPU.Build.0 = Debug|Any CPU
		{D7F565A1-441A-4FF6-BAFF-E9BC6160D2B4}.Release|Any CPU.ActiveCfg = Release|Any CPU
		{D7F565A1-441A-4FF6-BAFF-E9BC6160D2B4}.Release|Any CPU.Build.0 = Release|Any CPU
	EndGlobalSection
EndGlobal
