
Microsoft Visual Studio Solution File, Format Version 12.00
# Visual Studio Version 17
VisualStudioVersion = 17.0.31903.59
MinimumVisualStudioVersion = 10.0.40219.1
Project("{FAE04EC0-301F-11D3-BF4B-00C04F79EFBC}") = "SimpleAuth.Api", "SimpleAuth.Api\SimpleAuth.Api.csproj", "{FE93C459-98D7-41DB-924C-47A197652634}"
EndProject
Project("{FAE04EC0-301F-11D3-BF4B-00C04F79EFBC}") = "ServiceCommons", "..\ServiceCommons\ServiceCommons\ServiceCommons.csproj", "{7D6D2AC8-3103-457D-9555-5D8C4FAF3360}"
EndProject
Project("{FAE04EC0-301F-11D3-BF4B-00C04F79EFBC}") = "ServiceCommons.ApiKey", "..\ServiceCommons\ServiceCommons.ApiKey\ServiceCommons.ApiKey.csproj", "{1ADB9B95-4D33-4918-AF59-E9741E9F36A7}"
EndProject
Project("{FAE04EC0-301F-11D3-BF4B-00C04F79EFBC}") = "ServiceCommons.OpenTelemetry", "..\ServiceCommons\ServiceCommons.OpenTelemetry\ServiceCommons.OpenTelemetry.csproj", "{331636CF-168D-4636-9956-C8F199377EDF}"
EndProject
Project("{FAE04EC0-301F-11D3-BF4B-00C04F79EFBC}") = "SimpleAuth.MigrationsRunner", "SimpleAuth.MigrationsRunner\SimpleAuth.MigrationsRunner.csproj", "{8E6FBC74-194E-4433-A971-670DB8CCB2F1}"
EndProject
Global
	GlobalSection(SolutionConfigurationPlatforms) = preSolution
		Debug|Any CPU = Debug|Any CPU
		Debug|x64 = Debug|x64
		Debug|x86 = Debug|x86
		Release|Any CPU = Release|Any CPU
		Release|x64 = Release|x64
		Release|x86 = Release|x86
	EndGlobalSection
	GlobalSection(ProjectConfigurationPlatforms) = postSolution
		{FE93C459-98D7-41DB-924C-47A197652634}.Debug|Any CPU.ActiveCfg = Debug|Any CPU
		{FE93C459-98D7-41DB-924C-47A197652634}.Debug|Any CPU.Build.0 = Debug|Any CPU
		{FE93C459-98D7-41DB-924C-47A197652634}.Debug|x64.ActiveCfg = Debug|Any CPU
		{FE93C459-98D7-41DB-924C-47A197652634}.Debug|x64.Build.0 = Debug|Any CPU
		{FE93C459-98D7-41DB-924C-47A197652634}.Debug|x86.ActiveCfg = Debug|Any CPU
		{FE93C459-98D7-41DB-924C-47A197652634}.Debug|x86.Build.0 = Debug|Any CPU
		{FE93C459-98D7-41DB-924C-47A197652634}.Release|Any CPU.ActiveCfg = Release|Any CPU
		{FE93C459-98D7-41DB-924C-47A197652634}.Release|Any CPU.Build.0 = Release|Any CPU
		{FE93C459-98D7-41DB-924C-47A197652634}.Release|x64.ActiveCfg = Release|Any CPU
		{FE93C459-98D7-41DB-924C-47A197652634}.Release|x64.Build.0 = Release|Any CPU
		{FE93C459-98D7-41DB-924C-47A197652634}.Release|x86.ActiveCfg = Release|Any CPU
		{FE93C459-98D7-41DB-924C-47A197652634}.Release|x86.Build.0 = Release|Any CPU
		{7D6D2AC8-3103-457D-9555-5D8C4FAF3360}.Debug|Any CPU.ActiveCfg = Debug|Any CPU
		{7D6D2AC8-3103-457D-9555-5D8C4FAF3360}.Debug|Any CPU.Build.0 = Debug|Any CPU
		{7D6D2AC8-3103-457D-9555-5D8C4FAF3360}.Debug|x64.ActiveCfg = Debug|Any CPU
		{7D6D2AC8-3103-457D-9555-5D8C4FAF3360}.Debug|x64.Build.0 = Debug|Any CPU
		{7D6D2AC8-3103-457D-9555-5D8C4FAF3360}.Debug|x86.ActiveCfg = Debug|Any CPU
		{7D6D2AC8-3103-457D-9555-5D8C4FAF3360}.Debug|x86.Build.0 = Debug|Any CPU
		{7D6D2AC8-3103-457D-9555-5D8C4FAF3360}.Release|Any CPU.ActiveCfg = Release|Any CPU
		{7D6D2AC8-3103-457D-9555-5D8C4FAF3360}.Release|Any CPU.Build.0 = Release|Any CPU
		{7D6D2AC8-3103-457D-9555-5D8C4FAF3360}.Release|x64.ActiveCfg = Release|Any CPU
		{7D6D2AC8-3103-457D-9555-5D8C4FAF3360}.Release|x64.Build.0 = Release|Any CPU
		{7D6D2AC8-3103-457D-9555-5D8C4FAF3360}.Release|x86.ActiveCfg = Release|Any CPU
		{7D6D2AC8-3103-457D-9555-5D8C4FAF3360}.Release|x86.Build.0 = Release|Any CPU
		{1ADB9B95-4D33-4918-AF59-E9741E9F36A7}.Debug|Any CPU.ActiveCfg = Debug|Any CPU
		{1ADB9B95-4D33-4918-AF59-E9741E9F36A7}.Debug|Any CPU.Build.0 = Debug|Any CPU
		{1ADB9B95-4D33-4918-AF59-E9741E9F36A7}.Debug|x64.ActiveCfg = Debug|Any CPU
		{1ADB9B95-4D33-4918-AF59-E9741E9F36A7}.Debug|x64.Build.0 = Debug|Any CPU
		{1ADB9B95-4D33-4918-AF59-E9741E9F36A7}.Debug|x86.ActiveCfg = Debug|Any CPU
		{1ADB9B95-4D33-4918-AF59-E9741E9F36A7}.Debug|x86.Build.0 = Debug|Any CPU
		{1ADB9B95-4D33-4918-AF59-E9741E9F36A7}.Release|Any CPU.ActiveCfg = Release|Any CPU
		{1ADB9B95-4D33-4918-AF59-E9741E9F36A7}.Release|Any CPU.Build.0 = Release|Any CPU
		{1ADB9B95-4D33-4918-AF59-E9741E9F36A7}.Release|x64.ActiveCfg = Release|Any CPU
		{1ADB9B95-4D33-4918-AF59-E9741E9F36A7}.Release|x64.Build.0 = Release|Any CPU
		{1ADB9B95-4D33-4918-AF59-E9741E9F36A7}.Release|x86.ActiveCfg = Release|Any CPU
		{1ADB9B95-4D33-4918-AF59-E9741E9F36A7}.Release|x86.Build.0 = Release|Any CPU
		{331636CF-168D-4636-9956-C8F199377EDF}.Debug|Any CPU.ActiveCfg = Debug|Any CPU
		{331636CF-168D-4636-9956-C8F199377EDF}.Debug|Any CPU.Build.0 = Debug|Any CPU
		{331636CF-168D-4636-9956-C8F199377EDF}.Debug|x64.ActiveCfg = Debug|Any CPU
		{331636CF-168D-4636-9956-C8F199377EDF}.Debug|x64.Build.0 = Debug|Any CPU
		{331636CF-168D-4636-9956-C8F199377EDF}.Debug|x86.ActiveCfg = Debug|Any CPU
		{331636CF-168D-4636-9956-C8F199377EDF}.Debug|x86.Build.0 = Debug|Any CPU
		{331636CF-168D-4636-9956-C8F199377EDF}.Release|Any CPU.ActiveCfg = Release|Any CPU
		{331636CF-168D-4636-9956-C8F199377EDF}.Release|Any CPU.Build.0 = Release|Any CPU
		{331636CF-168D-4636-9956-C8F199377EDF}.Release|x64.ActiveCfg = Release|Any CPU
		{331636CF-168D-4636-9956-C8F199377EDF}.Release|x64.Build.0 = Release|Any CPU
		{331636CF-168D-4636-9956-C8F199377EDF}.Release|x86.ActiveCfg = Release|Any CPU
		{331636CF-168D-4636-9956-C8F199377EDF}.Release|x86.Build.0 = Release|Any CPU
		{8E6FBC74-194E-4433-A971-670DB8CCB2F1}.Debug|Any CPU.ActiveCfg = Debug|Any CPU
		{8E6FBC74-194E-4433-A971-670DB8CCB2F1}.Debug|Any CPU.Build.0 = Debug|Any CPU
		{8E6FBC74-194E-4433-A971-670DB8CCB2F1}.Debug|x64.ActiveCfg = Debug|Any CPU
		{8E6FBC74-194E-4433-A971-670DB8CCB2F1}.Debug|x64.Build.0 = Debug|Any CPU
		{8E6FBC74-194E-4433-A971-670DB8CCB2F1}.Debug|x86.ActiveCfg = Debug|Any CPU
		{8E6FBC74-194E-4433-A971-670DB8CCB2F1}.Debug|x86.Build.0 = Debug|Any CPU
		{8E6FBC74-194E-4433-A971-670DB8CCB2F1}.Release|Any CPU.ActiveCfg = Release|Any CPU
		{8E6FBC74-194E-4433-A971-670DB8CCB2F1}.Release|Any CPU.Build.0 = Release|Any CPU
		{8E6FBC74-194E-4433-A971-670DB8CCB2F1}.Release|x64.ActiveCfg = Release|Any CPU
		{8E6FBC74-194E-4433-A971-670DB8CCB2F1}.Release|x64.Build.0 = Release|Any CPU
		{8E6FBC74-194E-4433-A971-670DB8CCB2F1}.Release|x86.ActiveCfg = Release|Any CPU
		{8E6FBC74-194E-4433-A971-670DB8CCB2F1}.Release|x86.Build.0 = Release|Any CPU
	EndGlobalSection
	GlobalSection(SolutionProperties) = preSolution
		HideSolutionNode = FALSE
	EndGlobalSection
EndGlobal
