
Microsoft Visual Studio Solution File, Format Version 12.00
Project("{FAE04EC0-301F-11D3-BF4B-00C04F79EFBC}") = "UserApi", "UserApi\UserApi.csproj", "{37450337-E848-446A-81E8-108C17D69781}"
EndProject
Project("{2150E333-8FDC-42A3-9474-1A3956D46DE8}") = "Solution Items", "Solution Items", "{FF8B8ABE-D698-43B4-A72F-13E4B22C81CA}"
	ProjectSection(SolutionItems) = preProject
		compose.yaml = compose.yaml
	EndProjectSection
EndProject
Project("{FAE04EC0-301F-11D3-BF4B-00C04F79EFBC}") = "ServiceCommons.ApiKey", "..\ServiceCommons\ServiceCommons.ApiKey\ServiceCommons.ApiKey.csproj", "{0533B941-6119-428B-9368-3D850E496689}"
EndProject
Project("{FAE04EC0-301F-11D3-BF4B-00C04F79EFBC}") = "ServiceCommons", "..\ServiceCommons\ServiceCommons\ServiceCommons.csproj", "{227957D0-C0AA-4597-9557-AE25D3E98965}"
EndProject
Project("{FAE04EC0-301F-11D3-BF4B-00C04F79EFBC}") = "ServiceCommons.OpenTelemetry", "..\ServiceCommons\ServiceCommons.OpenTelemetry\ServiceCommons.OpenTelemetry.csproj", "{E3F1FA10-F2DA-421F-81D6-1EE2258FA437}"
EndProject
Global
	GlobalSection(SolutionConfigurationPlatforms) = preSolution
		Debug|Any CPU = Debug|Any CPU
		Release|Any CPU = Release|Any CPU
	EndGlobalSection
	GlobalSection(ProjectConfigurationPlatforms) = postSolution
		{37450337-E848-446A-81E8-108C17D69781}.Debug|Any CPU.ActiveCfg = Debug|Any CPU
		{37450337-E848-446A-81E8-108C17D69781}.Debug|Any CPU.Build.0 = Debug|Any CPU
		{37450337-E848-446A-81E8-108C17D69781}.Release|Any CPU.ActiveCfg = Release|Any CPU
		{37450337-E848-446A-81E8-108C17D69781}.Release|Any CPU.Build.0 = Release|Any CPU
		{0533B941-6119-428B-9368-3D850E496689}.Debug|Any CPU.ActiveCfg = Debug|Any CPU
		{0533B941-6119-428B-9368-3D850E496689}.Debug|Any CPU.Build.0 = Debug|Any CPU
		{0533B941-6119-428B-9368-3D850E496689}.Release|Any CPU.ActiveCfg = Release|Any CPU
		{0533B941-6119-428B-9368-3D850E496689}.Release|Any CPU.Build.0 = Release|Any CPU
		{227957D0-C0AA-4597-9557-AE25D3E98965}.Debug|Any CPU.ActiveCfg = Debug|Any CPU
		{227957D0-C0AA-4597-9557-AE25D3E98965}.Debug|Any CPU.Build.0 = Debug|Any CPU
		{227957D0-C0AA-4597-9557-AE25D3E98965}.Release|Any CPU.ActiveCfg = Release|Any CPU
		{227957D0-C0AA-4597-9557-AE25D3E98965}.Release|Any CPU.Build.0 = Release|Any CPU
		{E3F1FA10-F2DA-421F-81D6-1EE2258FA437}.Debug|Any CPU.ActiveCfg = Debug|Any CPU
		{E3F1FA10-F2DA-421F-81D6-1EE2258FA437}.Debug|Any CPU.Build.0 = Debug|Any CPU
		{E3F1FA10-F2DA-421F-81D6-1EE2258FA437}.Release|Any CPU.ActiveCfg = Release|Any CPU
		{E3F1FA10-F2DA-421F-81D6-1EE2258FA437}.Release|Any CPU.Build.0 = Release|Any CPU
	EndGlobalSection
EndGlobal
